{
  "name": "parser",
  "version": "1.0.0",
  "lockfileVersion": 1,
  "requires": true,
  "dependencies": {
    "sdf-parser": {
      "version": "2.3.1",
      "resolved": "https://registry.npmjs.org/sdf-parser/-/sdf-parser-2.3.1.tgz",
      "integrity": "sha512-h3XhcKwmA2YhqkL2gqjo6wQdYoqDgGEoXRFGHPlSx7Scayw3YVV4n5isHuSZbq8j77Km9r++fHATrB7JzlBniQ=="
    }
  }
}
